
Microsoft Visual Studio Solution File, Format Version 12.00
# Visual Studio Version 17
VisualStudioVersion = 17.3.32929.385
MinimumVisualStudioVersion = 10.0.40219.1
Project("{FAE04EC0-301F-11D3-BF4B-00C04F79EFBC}") = "MercadoLibreTests", "MercadoLibreTests.csproj", "{6973823F-4BA5-48B3-AE29-5787B0E05BF4}"
EndProject
Global
	GlobalSection(SolutionConfigurationPlatforms) = preSolution
		Debug|Any CPU = Debug|Any CPU
		Release|Any CPU = Release|Any CPU
	EndGlobalSection
	GlobalSection(ProjectConfigurationPlatforms) = postSolution
		{6973823F-4BA5-48B3-AE29-5787B0E05BF4}.Debug|Any CPU.ActiveCfg = Debug|Any CPU
		{6973823F-4BA5-48B3-AE29-5787B0E05BF4}.Debug|Any CPU.Build.0 = Debug|Any CPU
		{6973823F-4BA5-48B3-AE29-5787B0E05BF4}.Release|Any CPU.ActiveCfg = Release|Any CPU
		{6973823F-4BA5-48B3-AE29-5787B0E05BF4}.Release|Any CPU.Build.0 = Release|Any CPU
	EndGlobalSection
	GlobalSection(SolutionProperties) = preSolution
		HideSolutionNode = FALSE
	EndGlobalSection
	GlobalSection(ExtensibilityGlobals) = postSolution
		SolutionGuid = {A8B21043-0DC1-4E35-8F37-E3E5A1C11E88}
	EndGlobalSection
EndGlobal
